
Microsoft Visual Studio Solution File, Format Version 12.00
# Visual Studio Version 16
VisualStudioVersion = 16.0.31729.503
MinimumVisualStudioVersion = 10.0.40219.1
Project("{FAE04EC0-301F-11D3-BF4B-00C04F79EFBC}") = "EG14_Puteador", "EG14_Puteador\EG14_Puteador.csproj", "{62EEAF77-5B22-491F-8F84-F66B2BCD22F7}"
EndProject
Global
	GlobalSection(SolutionConfigurationPlatforms) = preSolution
		Debug|Any CPU = Debug|Any CPU
		Release|Any CPU = Release|Any CPU
	EndGlobalSection
	GlobalSection(ProjectConfigurationPlatforms) = postSolution
		{62EEAF77-5B22-491F-8F84-F66B2BCD22F7}.Debug|Any CPU.ActiveCfg = Debug|Any CPU
		{62EEAF77-5B22-491F-8F84-F66B2BCD22F7}.Debug|Any CPU.Build.0 = Debug|Any CPU
		{62EEAF77-5B22-491F-8F84-F66B2BCD22F7}.Release|Any CPU.ActiveCfg = Release|Any CPU
		{62EEAF77-5B22-491F-8F84-F66B2BCD22F7}.Release|Any CPU.Build.0 = Release|Any CPU
	EndGlobalSection
	GlobalSection(SolutionProperties) = preSolution
		HideSolutionNode = FALSE
	EndGlobalSection
	GlobalSection(ExtensibilityGlobals) = postSolution
		SolutionGuid = {3C281618-5611-413A-8CEE-6248511DA15E}
	EndGlobalSection
EndGlobal
