
Microsoft Visual Studio Solution File, Format Version 12.00
# Visual Studio Version 16
VisualStudioVersion = 16.0.31729.503
MinimumVisualStudioVersion = 10.0.40219.1
Project("{FAE04EC0-301F-11D3-BF4B-00C04F79EFBC}") = "10_ComprobarFecha", "10_ComprobarFecha\10_ComprobarFecha.csproj", "{F7A08FFD-DA0D-4518-B476-A98AF81311A9}"
EndProject
Global
	GlobalSection(SolutionConfigurationPlatforms) = preSolution
		Debug|Any CPU = Debug|Any CPU
		Release|Any CPU = Release|Any CPU
	EndGlobalSection
	GlobalSection(ProjectConfigurationPlatforms) = postSolution
		{F7A08FFD-DA0D-4518-B476-A98AF81311A9}.Debug|Any CPU.ActiveCfg = Debug|Any CPU
		{F7A08FFD-DA0D-4518-B476-A98AF81311A9}.Debug|Any CPU.Build.0 = Debug|Any CPU
		{F7A08FFD-DA0D-4518-B476-A98AF81311A9}.Release|Any CPU.ActiveCfg = Release|Any CPU
		{F7A08FFD-DA0D-4518-B476-A98AF81311A9}.Release|Any CPU.Build.0 = Release|Any CPU
	EndGlobalSection
	GlobalSection(SolutionProperties) = preSolution
		HideSolutionNode = FALSE
	EndGlobalSection
	GlobalSection(ExtensibilityGlobals) = postSolution
		SolutionGuid = {EB704052-690C-4C8C-86E8-A8165EB49B60}
	EndGlobalSection
EndGlobal
