
Microsoft Visual Studio Solution File, Format Version 12.00
# Visual Studio Version 16
VisualStudioVersion = 16.0.31729.503
MinimumVisualStudioVersion = 10.0.40219.1
Project("{FAE04EC0-301F-11D3-BF4B-00C04F79EFBC}") = "63_EjercicioPalindromo", "63_EjercicioPalindromo\63_EjercicioPalindromo.csproj", "{D25329FE-82A2-4A22-9628-A282069E2876}"
EndProject
Global
	GlobalSection(SolutionConfigurationPlatforms) = preSolution
		Debug|Any CPU = Debug|Any CPU
		Release|Any CPU = Release|Any CPU
	EndGlobalSection
	GlobalSection(ProjectConfigurationPlatforms) = postSolution
		{D25329FE-82A2-4A22-9628-A282069E2876}.Debug|Any CPU.ActiveCfg = Debug|Any CPU
		{D25329FE-82A2-4A22-9628-A282069E2876}.Debug|Any CPU.Build.0 = Debug|Any CPU
		{D25329FE-82A2-4A22-9628-A282069E2876}.Release|Any CPU.ActiveCfg = Release|Any CPU
		{D25329FE-82A2-4A22-9628-A282069E2876}.Release|Any CPU.Build.0 = Release|Any CPU
	EndGlobalSection
	GlobalSection(SolutionProperties) = preSolution
		HideSolutionNode = FALSE
	EndGlobalSection
	GlobalSection(ExtensibilityGlobals) = postSolution
		SolutionGuid = {2DB1050B-579B-406E-A9D6-3608993538B4}
	EndGlobalSection
EndGlobal
