
Microsoft Visual Studio Solution File, Format Version 12.00
# Visual Studio Version 16
VisualStudioVersion = 16.0.31729.503
MinimumVisualStudioVersion = 10.0.40219.1
Project("{FAE04EC0-301F-11D3-BF4B-00C04F79EFBC}") = "M3_U2_18_Resize", "M3_U2_18_Resize\M3_U2_18_Resize.csproj", "{1A722CF2-E0A7-4395-B743-30F0AC2F0687}"
EndProject
Global
	GlobalSection(SolutionConfigurationPlatforms) = preSolution
		Debug|Any CPU = Debug|Any CPU
		Release|Any CPU = Release|Any CPU
	EndGlobalSection
	GlobalSection(ProjectConfigurationPlatforms) = postSolution
		{1A722CF2-E0A7-4395-B743-30F0AC2F0687}.Debug|Any CPU.ActiveCfg = Debug|Any CPU
		{1A722CF2-E0A7-4395-B743-30F0AC2F0687}.Debug|Any CPU.Build.0 = Debug|Any CPU
		{1A722CF2-E0A7-4395-B743-30F0AC2F0687}.Release|Any CPU.ActiveCfg = Release|Any CPU
		{1A722CF2-E0A7-4395-B743-30F0AC2F0687}.Release|Any CPU.Build.0 = Release|Any CPU
	EndGlobalSection
	GlobalSection(SolutionProperties) = preSolution
		HideSolutionNode = FALSE
	EndGlobalSection
	GlobalSection(ExtensibilityGlobals) = postSolution
		SolutionGuid = {2839D7D3-E807-4C5A-9F42-B6384B55F5FB}
	EndGlobalSection
EndGlobal
