
Microsoft Visual Studio Solution File, Format Version 12.00
# Visual Studio Version 16
VisualStudioVersion = 16.0.31729.503
MinimumVisualStudioVersion = 10.0.40219.1
Project("{FAE04EC0-301F-11D3-BF4B-00C04F79EFBC}") = "58_POO_Herencia", "58_POO_Herencia\58_POO_Herencia.csproj", "{29114E84-1E40-47CE-B5FE-84EE5AE5AF6E}"
EndProject
Global
	GlobalSection(SolutionConfigurationPlatforms) = preSolution
		Debug|Any CPU = Debug|Any CPU
		Release|Any CPU = Release|Any CPU
	EndGlobalSection
	GlobalSection(ProjectConfigurationPlatforms) = postSolution
		{29114E84-1E40-47CE-B5FE-84EE5AE5AF6E}.Debug|Any CPU.ActiveCfg = Debug|Any CPU
		{29114E84-1E40-47CE-B5FE-84EE5AE5AF6E}.Debug|Any CPU.Build.0 = Debug|Any CPU
		{29114E84-1E40-47CE-B5FE-84EE5AE5AF6E}.Release|Any CPU.ActiveCfg = Release|Any CPU
		{29114E84-1E40-47CE-B5FE-84EE5AE5AF6E}.Release|Any CPU.Build.0 = Release|Any CPU
	EndGlobalSection
	GlobalSection(SolutionProperties) = preSolution
		HideSolutionNode = FALSE
	EndGlobalSection
	GlobalSection(ExtensibilityGlobals) = postSolution
		SolutionGuid = {848971A1-0D47-4DEA-BC9B-EDD8140A62CC}
	EndGlobalSection
EndGlobal
