
Microsoft Visual Studio Solution File, Format Version 12.00
# Visual Studio Version 16
VisualStudioVersion = 16.0.31729.503
MinimumVisualStudioVersion = 10.0.40219.1
Project("{FAE04EC0-301F-11D3-BF4B-00C04F79EFBC}") = "29_AlgoMasEnumerandos", "29_AlgoMasEnumerandos\29_AlgoMasEnumerandos.csproj", "{8E3317C1-ED37-4FD1-A488-A90E632A5036}"
EndProject
Global
	GlobalSection(SolutionConfigurationPlatforms) = preSolution
		Debug|Any CPU = Debug|Any CPU
		Release|Any CPU = Release|Any CPU
	EndGlobalSection
	GlobalSection(ProjectConfigurationPlatforms) = postSolution
		{8E3317C1-ED37-4FD1-A488-A90E632A5036}.Debug|Any CPU.ActiveCfg = Debug|Any CPU
		{8E3317C1-ED37-4FD1-A488-A90E632A5036}.Debug|Any CPU.Build.0 = Debug|Any CPU
		{8E3317C1-ED37-4FD1-A488-A90E632A5036}.Release|Any CPU.ActiveCfg = Release|Any CPU
		{8E3317C1-ED37-4FD1-A488-A90E632A5036}.Release|Any CPU.Build.0 = Release|Any CPU
	EndGlobalSection
	GlobalSection(SolutionProperties) = preSolution
		HideSolutionNode = FALSE
	EndGlobalSection
	GlobalSection(ExtensibilityGlobals) = postSolution
		SolutionGuid = {4D3E806E-D329-4953-92C8-A016FB29B689}
	EndGlobalSection
EndGlobal
