
Microsoft Visual Studio Solution File, Format Version 12.00
# Visual Studio Version 16
VisualStudioVersion = 16.0.31729.503
MinimumVisualStudioVersion = 10.0.40219.1
Project("{FAE04EC0-301F-11D3-BF4B-00C04F79EFBC}") = "M3_U_24_ControlTiempo", "M3_U_24_ControlTiempo\M3_U_24_ControlTiempo.csproj", "{9F4921E1-2EC8-4692-8D53-91C2ACF2CD52}"
EndProject
Global
	GlobalSection(SolutionConfigurationPlatforms) = preSolution
		Debug|Any CPU = Debug|Any CPU
		Release|Any CPU = Release|Any CPU
	EndGlobalSection
	GlobalSection(ProjectConfigurationPlatforms) = postSolution
		{9F4921E1-2EC8-4692-8D53-91C2ACF2CD52}.Debug|Any CPU.ActiveCfg = Debug|Any CPU
		{9F4921E1-2EC8-4692-8D53-91C2ACF2CD52}.Debug|Any CPU.Build.0 = Debug|Any CPU
		{9F4921E1-2EC8-4692-8D53-91C2ACF2CD52}.Release|Any CPU.ActiveCfg = Release|Any CPU
		{9F4921E1-2EC8-4692-8D53-91C2ACF2CD52}.Release|Any CPU.Build.0 = Release|Any CPU
	EndGlobalSection
	GlobalSection(SolutionProperties) = preSolution
		HideSolutionNode = FALSE
	EndGlobalSection
	GlobalSection(ExtensibilityGlobals) = postSolution
		SolutionGuid = {C5B13222-6C68-4F66-BA66-F45D46463F60}
	EndGlobalSection
EndGlobal
