
Microsoft Visual Studio Solution File, Format Version 12.00
# Visual Studio Version 16
VisualStudioVersion = 16.0.31729.503
MinimumVisualStudioVersion = 10.0.40219.1
Project("{FAE04EC0-301F-11D3-BF4B-00C04F79EFBC}") = "M3_U2_08_Biblioteca_PrimeraPrueba", "M3_U2_08_Biblioteca_PrimeraPrueba\M3_U2_08_Biblioteca_PrimeraPrueba.csproj", "{8FA41B34-0188-4124-8FE5-79C1D9E28683}"
EndProject
Global
	GlobalSection(SolutionConfigurationPlatforms) = preSolution
		Debug|Any CPU = Debug|Any CPU
		Release|Any CPU = Release|Any CPU
	EndGlobalSection
	GlobalSection(ProjectConfigurationPlatforms) = postSolution
		{8FA41B34-0188-4124-8FE5-79C1D9E28683}.Debug|Any CPU.ActiveCfg = Debug|Any CPU
		{8FA41B34-0188-4124-8FE5-79C1D9E28683}.Debug|Any CPU.Build.0 = Debug|Any CPU
		{8FA41B34-0188-4124-8FE5-79C1D9E28683}.Release|Any CPU.ActiveCfg = Release|Any CPU
		{8FA41B34-0188-4124-8FE5-79C1D9E28683}.Release|Any CPU.Build.0 = Release|Any CPU
	EndGlobalSection
	GlobalSection(SolutionProperties) = preSolution
		HideSolutionNode = FALSE
	EndGlobalSection
	GlobalSection(ExtensibilityGlobals) = postSolution
		SolutionGuid = {7B8C648E-ACCE-4ECC-9E1A-05318D823CEF}
	EndGlobalSection
EndGlobal
