
Microsoft Visual Studio Solution File, Format Version 12.00
# Visual Studio Version 16
VisualStudioVersion = 16.0.31729.503
MinimumVisualStudioVersion = 10.0.40219.1
Project("{FAE04EC0-301F-11D3-BF4B-00C04F79EFBC}") = "M3_18_RenombradoPorGrupos", "M3_18_RenombradoPorGrupos\M3_18_RenombradoPorGrupos.csproj", "{BE1FF015-79CA-4FCD-A85C-0D91E217328B}"
EndProject
Global
	GlobalSection(SolutionConfigurationPlatforms) = preSolution
		Debug|Any CPU = Debug|Any CPU
		Release|Any CPU = Release|Any CPU
	EndGlobalSection
	GlobalSection(ProjectConfigurationPlatforms) = postSolution
		{BE1FF015-79CA-4FCD-A85C-0D91E217328B}.Debug|Any CPU.ActiveCfg = Debug|Any CPU
		{BE1FF015-79CA-4FCD-A85C-0D91E217328B}.Debug|Any CPU.Build.0 = Debug|Any CPU
		{BE1FF015-79CA-4FCD-A85C-0D91E217328B}.Release|Any CPU.ActiveCfg = Release|Any CPU
		{BE1FF015-79CA-4FCD-A85C-0D91E217328B}.Release|Any CPU.Build.0 = Release|Any CPU
	EndGlobalSection
	GlobalSection(SolutionProperties) = preSolution
		HideSolutionNode = FALSE
	EndGlobalSection
	GlobalSection(ExtensibilityGlobals) = postSolution
		SolutionGuid = {3B4F699D-ED04-4EEC-B271-4888723C9E22}
	EndGlobalSection
EndGlobal
