
Microsoft Visual Studio Solution File, Format Version 12.00
# Visual Studio Version 16
VisualStudioVersion = 16.0.31729.503
MinimumVisualStudioVersion = 10.0.40219.1
Project("{FAE04EC0-301F-11D3-BF4B-00C04F79EFBC}") = "M3_16_LeyendoPropiedadesArchivos", "M3_16_LeyendoPropiedadesArchivos\M3_16_LeyendoPropiedadesArchivos.csproj", "{B86DD6A2-AA0E-4F29-961E-1C27647CFE72}"
EndProject
Global
	GlobalSection(SolutionConfigurationPlatforms) = preSolution
		Debug|Any CPU = Debug|Any CPU
		Release|Any CPU = Release|Any CPU
	EndGlobalSection
	GlobalSection(ProjectConfigurationPlatforms) = postSolution
		{B86DD6A2-AA0E-4F29-961E-1C27647CFE72}.Debug|Any CPU.ActiveCfg = Debug|Any CPU
		{B86DD6A2-AA0E-4F29-961E-1C27647CFE72}.Debug|Any CPU.Build.0 = Debug|Any CPU
		{B86DD6A2-AA0E-4F29-961E-1C27647CFE72}.Release|Any CPU.ActiveCfg = Release|Any CPU
		{B86DD6A2-AA0E-4F29-961E-1C27647CFE72}.Release|Any CPU.Build.0 = Release|Any CPU
	EndGlobalSection
	GlobalSection(SolutionProperties) = preSolution
		HideSolutionNode = FALSE
	EndGlobalSection
	GlobalSection(ExtensibilityGlobals) = postSolution
		SolutionGuid = {37075468-4F7C-4521-812F-185C39AA0EEA}
	EndGlobalSection
EndGlobal
