
Microsoft Visual Studio Solution File, Format Version 12.00
# Visual Studio Version 16
VisualStudioVersion = 16.0.31729.503
MinimumVisualStudioVersion = 10.0.40219.1
Project("{FAE04EC0-301F-11D3-BF4B-00C04F79EFBC}") = "68_EjercicioLeerFicheroV2", "68_EjercicioLeerFicheroV2\68_EjercicioLeerFicheroV2.csproj", "{2AE5E688-3590-44BF-B145-1BDBE3FC05A7}"
EndProject
Global
	GlobalSection(SolutionConfigurationPlatforms) = preSolution
		Debug|Any CPU = Debug|Any CPU
		Release|Any CPU = Release|Any CPU
	EndGlobalSection
	GlobalSection(ProjectConfigurationPlatforms) = postSolution
		{2AE5E688-3590-44BF-B145-1BDBE3FC05A7}.Debug|Any CPU.ActiveCfg = Debug|Any CPU
		{2AE5E688-3590-44BF-B145-1BDBE3FC05A7}.Debug|Any CPU.Build.0 = Debug|Any CPU
		{2AE5E688-3590-44BF-B145-1BDBE3FC05A7}.Release|Any CPU.ActiveCfg = Release|Any CPU
		{2AE5E688-3590-44BF-B145-1BDBE3FC05A7}.Release|Any CPU.Build.0 = Release|Any CPU
	EndGlobalSection
	GlobalSection(SolutionProperties) = preSolution
		HideSolutionNode = FALSE
	EndGlobalSection
	GlobalSection(ExtensibilityGlobals) = postSolution
		SolutionGuid = {C6C3B6D2-9AB5-48EC-9981-154E9C754F22}
	EndGlobalSection
EndGlobal
