
Microsoft Visual Studio Solution File, Format Version 12.00
# Visual Studio Version 16
VisualStudioVersion = 16.0.31729.503
MinimumVisualStudioVersion = 10.0.40219.1
Project("{FAE04EC0-301F-11D3-BF4B-00C04F79EFBC}") = "EG25_EnviadoEmails_Entorno", "EG25_EnviadoEmails_Entorno\EG25_EnviadoEmails_Entorno.csproj", "{28934BEB-53CA-46C8-B30D-40F00924BFA2}"
EndProject
Global
	GlobalSection(SolutionConfigurationPlatforms) = preSolution
		Debug|Any CPU = Debug|Any CPU
		Release|Any CPU = Release|Any CPU
	EndGlobalSection
	GlobalSection(ProjectConfigurationPlatforms) = postSolution
		{28934BEB-53CA-46C8-B30D-40F00924BFA2}.Debug|Any CPU.ActiveCfg = Debug|Any CPU
		{28934BEB-53CA-46C8-B30D-40F00924BFA2}.Debug|Any CPU.Build.0 = Debug|Any CPU
		{28934BEB-53CA-46C8-B30D-40F00924BFA2}.Release|Any CPU.ActiveCfg = Release|Any CPU
		{28934BEB-53CA-46C8-B30D-40F00924BFA2}.Release|Any CPU.Build.0 = Release|Any CPU
	EndGlobalSection
	GlobalSection(SolutionProperties) = preSolution
		HideSolutionNode = FALSE
	EndGlobalSection
	GlobalSection(ExtensibilityGlobals) = postSolution
		SolutionGuid = {2F4E53CE-ACC9-4EE0-9D14-674088ED1A60}
	EndGlobalSection
EndGlobal
