
Microsoft Visual Studio Solution File, Format Version 12.00
# Visual Studio Version 16
VisualStudioVersion = 16.0.31729.503
MinimumVisualStudioVersion = 10.0.40219.1
Project("{FAE04EC0-301F-11D3-BF4B-00C04F79EFBC}") = "M3_U2_15_BibliotecaControlEditorTextoSencillo", "M3_U2_15_BibliotecaControlEditorTextoSencillo\M3_U2_15_BibliotecaControlEditorTextoSencillo.csproj", "{20AD17A9-52AD-481D-9515-D20C6578A254}"
EndProject
Global
	GlobalSection(SolutionConfigurationPlatforms) = preSolution
		Debug|Any CPU = Debug|Any CPU
		Release|Any CPU = Release|Any CPU
	EndGlobalSection
	GlobalSection(ProjectConfigurationPlatforms) = postSolution
		{20AD17A9-52AD-481D-9515-D20C6578A254}.Debug|Any CPU.ActiveCfg = Debug|Any CPU
		{20AD17A9-52AD-481D-9515-D20C6578A254}.Debug|Any CPU.Build.0 = Debug|Any CPU
		{20AD17A9-52AD-481D-9515-D20C6578A254}.Release|Any CPU.ActiveCfg = Release|Any CPU
		{20AD17A9-52AD-481D-9515-D20C6578A254}.Release|Any CPU.Build.0 = Release|Any CPU
	EndGlobalSection
	GlobalSection(SolutionProperties) = preSolution
		HideSolutionNode = FALSE
	EndGlobalSection
	GlobalSection(ExtensibilityGlobals) = postSolution
		SolutionGuid = {E11A4D28-08C4-42C7-A306-FFBD37D79543}
	EndGlobalSection
EndGlobal
