
Microsoft Visual Studio Solution File, Format Version 12.00
# Visual Studio Version 16
VisualStudioVersion = 16.0.31729.503
MinimumVisualStudioVersion = 10.0.40219.1
Project("{FAE04EC0-301F-11D3-BF4B-00C04F79EFBC}") = "60_POO_MetodosYAtributos", "60_POO_MetodosYAtributos\60_POO_MetodosYAtributos.csproj", "{282A24AA-BF16-4896-8141-EEADA2E6C1B0}"
EndProject
Global
	GlobalSection(SolutionConfigurationPlatforms) = preSolution
		Debug|Any CPU = Debug|Any CPU
		Release|Any CPU = Release|Any CPU
	EndGlobalSection
	GlobalSection(ProjectConfigurationPlatforms) = postSolution
		{282A24AA-BF16-4896-8141-EEADA2E6C1B0}.Debug|Any CPU.ActiveCfg = Debug|Any CPU
		{282A24AA-BF16-4896-8141-EEADA2E6C1B0}.Debug|Any CPU.Build.0 = Debug|Any CPU
		{282A24AA-BF16-4896-8141-EEADA2E6C1B0}.Release|Any CPU.ActiveCfg = Release|Any CPU
		{282A24AA-BF16-4896-8141-EEADA2E6C1B0}.Release|Any CPU.Build.0 = Release|Any CPU
	EndGlobalSection
	GlobalSection(SolutionProperties) = preSolution
		HideSolutionNode = FALSE
	EndGlobalSection
	GlobalSection(ExtensibilityGlobals) = postSolution
		SolutionGuid = {6E6818A5-C8B4-4386-AFE9-F6CE24547B0F}
	EndGlobalSection
EndGlobal
