
Microsoft Visual Studio Solution File, Format Version 12.00
# Visual Studio Version 16
VisualStudioVersion = 16.0.31729.503
MinimumVisualStudioVersion = 10.0.40219.1
Project("{FAE04EC0-301F-11D3-BF4B-00C04F79EFBC}") = "46a", "46a\46a.csproj", "{96768218-7284-4107-B149-DC601F2A4D2B}"
EndProject
Global
	GlobalSection(SolutionConfigurationPlatforms) = preSolution
		Debug|Any CPU = Debug|Any CPU
		Release|Any CPU = Release|Any CPU
	EndGlobalSection
	GlobalSection(ProjectConfigurationPlatforms) = postSolution
		{96768218-7284-4107-B149-DC601F2A4D2B}.Debug|Any CPU.ActiveCfg = Debug|Any CPU
		{96768218-7284-4107-B149-DC601F2A4D2B}.Debug|Any CPU.Build.0 = Debug|Any CPU
		{96768218-7284-4107-B149-DC601F2A4D2B}.Release|Any CPU.ActiveCfg = Release|Any CPU
		{96768218-7284-4107-B149-DC601F2A4D2B}.Release|Any CPU.Build.0 = Release|Any CPU
	EndGlobalSection
	GlobalSection(SolutionProperties) = preSolution
		HideSolutionNode = FALSE
	EndGlobalSection
	GlobalSection(ExtensibilityGlobals) = postSolution
		SolutionGuid = {15CCCB55-3B62-4AAF-8F5C-EDBE13AF8296}
	EndGlobalSection
EndGlobal
