
Microsoft Visual Studio Solution File, Format Version 12.00
# Visual Studio Version 16
VisualStudioVersion = 16.0.31729.503
MinimumVisualStudioVersion = 10.0.40219.1
Project("{FAE04EC0-301F-11D3-BF4B-00C04F79EFBC}") = "13_BucleFor_Sumar10Numeros", "13_BucleFor_Sumar10Numeros\13_BucleFor_Sumar10Numeros.csproj", "{D5DAADE8-1948-4DB1-97E3-55468D3D1565}"
EndProject
Global
	GlobalSection(SolutionConfigurationPlatforms) = preSolution
		Debug|Any CPU = Debug|Any CPU
		Release|Any CPU = Release|Any CPU
	EndGlobalSection
	GlobalSection(ProjectConfigurationPlatforms) = postSolution
		{D5DAADE8-1948-4DB1-97E3-55468D3D1565}.Debug|Any CPU.ActiveCfg = Debug|Any CPU
		{D5DAADE8-1948-4DB1-97E3-55468D3D1565}.Debug|Any CPU.Build.0 = Debug|Any CPU
		{D5DAADE8-1948-4DB1-97E3-55468D3D1565}.Release|Any CPU.ActiveCfg = Release|Any CPU
		{D5DAADE8-1948-4DB1-97E3-55468D3D1565}.Release|Any CPU.Build.0 = Release|Any CPU
	EndGlobalSection
	GlobalSection(SolutionProperties) = preSolution
		HideSolutionNode = FALSE
	EndGlobalSection
	GlobalSection(ExtensibilityGlobals) = postSolution
		SolutionGuid = {D5386430-6B76-463D-8E03-3B0063B0C32F}
	EndGlobalSection
EndGlobal
