
Microsoft Visual Studio Solution File, Format Version 12.00
# Visual Studio Version 16
VisualStudioVersion = 16.0.31729.503
MinimumVisualStudioVersion = 10.0.40219.1
Project("{FAE04EC0-301F-11D3-BF4B-00C04F79EFBC}") = "M3_10_PrevioPosicionarEnListBox", "M3_10_PrevioPosicionarEnListBox\M3_10_PrevioPosicionarEnListBox.csproj", "{0327DAC8-34B9-48CF-B2FC-8B6D66F352A2}"
EndProject
Global
	GlobalSection(SolutionConfigurationPlatforms) = preSolution
		Debug|Any CPU = Debug|Any CPU
		Release|Any CPU = Release|Any CPU
	EndGlobalSection
	GlobalSection(ProjectConfigurationPlatforms) = postSolution
		{0327DAC8-34B9-48CF-B2FC-8B6D66F352A2}.Debug|Any CPU.ActiveCfg = Debug|Any CPU
		{0327DAC8-34B9-48CF-B2FC-8B6D66F352A2}.Debug|Any CPU.Build.0 = Debug|Any CPU
		{0327DAC8-34B9-48CF-B2FC-8B6D66F352A2}.Release|Any CPU.ActiveCfg = Release|Any CPU
		{0327DAC8-34B9-48CF-B2FC-8B6D66F352A2}.Release|Any CPU.Build.0 = Release|Any CPU
	EndGlobalSection
	GlobalSection(SolutionProperties) = preSolution
		HideSolutionNode = FALSE
	EndGlobalSection
	GlobalSection(ExtensibilityGlobals) = postSolution
		SolutionGuid = {5CC10664-361E-4703-A0BB-0C377596FAC3}
	EndGlobalSection
EndGlobal
