
Microsoft Visual Studio Solution File, Format Version 12.00
# Visual Studio Version 16
VisualStudioVersion = 16.0.31729.503
MinimumVisualStudioVersion = 10.0.40219.1
Project("{FAE04EC0-301F-11D3-BF4B-00C04F79EFBC}") = "33_ContarNumerosBucleWhile", "33_ContarNumerosBucleWhile\33_ContarNumerosBucleWhile.csproj", "{F101FAC4-C5E7-42A6-A337-54E5EBA80F24}"
EndProject
Global
	GlobalSection(SolutionConfigurationPlatforms) = preSolution
		Debug|Any CPU = Debug|Any CPU
		Release|Any CPU = Release|Any CPU
	EndGlobalSection
	GlobalSection(ProjectConfigurationPlatforms) = postSolution
		{F101FAC4-C5E7-42A6-A337-54E5EBA80F24}.Debug|Any CPU.ActiveCfg = Debug|Any CPU
		{F101FAC4-C5E7-42A6-A337-54E5EBA80F24}.Debug|Any CPU.Build.0 = Debug|Any CPU
		{F101FAC4-C5E7-42A6-A337-54E5EBA80F24}.Release|Any CPU.ActiveCfg = Release|Any CPU
		{F101FAC4-C5E7-42A6-A337-54E5EBA80F24}.Release|Any CPU.Build.0 = Release|Any CPU
	EndGlobalSection
	GlobalSection(SolutionProperties) = preSolution
		HideSolutionNode = FALSE
	EndGlobalSection
	GlobalSection(ExtensibilityGlobals) = postSolution
		SolutionGuid = {89F2A6B7-5896-464C-AE44-2DA01CF578C6}
	EndGlobalSection
EndGlobal
