
Microsoft Visual Studio Solution File, Format Version 12.00
# Visual Studio Version 16
VisualStudioVersion = 16.0.31729.503
MinimumVisualStudioVersion = 10.0.40219.1
Project("{FAE04EC0-301F-11D3-BF4B-00C04F79EFBC}") = "14_Bucles_SumarSINAsteriscos", "14_Bucles_SumarSINAsteriscos\14_Bucles_SumarSINAsteriscos.csproj", "{EF446A36-6538-4E46-9DCF-CB7D7D85F6F6}"
EndProject
Global
	GlobalSection(SolutionConfigurationPlatforms) = preSolution
		Debug|Any CPU = Debug|Any CPU
		Release|Any CPU = Release|Any CPU
	EndGlobalSection
	GlobalSection(ProjectConfigurationPlatforms) = postSolution
		{EF446A36-6538-4E46-9DCF-CB7D7D85F6F6}.Debug|Any CPU.ActiveCfg = Debug|Any CPU
		{EF446A36-6538-4E46-9DCF-CB7D7D85F6F6}.Debug|Any CPU.Build.0 = Debug|Any CPU
		{EF446A36-6538-4E46-9DCF-CB7D7D85F6F6}.Release|Any CPU.ActiveCfg = Release|Any CPU
		{EF446A36-6538-4E46-9DCF-CB7D7D85F6F6}.Release|Any CPU.Build.0 = Release|Any CPU
	EndGlobalSection
	GlobalSection(SolutionProperties) = preSolution
		HideSolutionNode = FALSE
	EndGlobalSection
	GlobalSection(ExtensibilityGlobals) = postSolution
		SolutionGuid = {12135E04-22A1-4954-82AB-0FCE4AE45CF4}
	EndGlobalSection
EndGlobal
