
Microsoft Visual Studio Solution File, Format Version 12.00
# Visual Studio Version 16
VisualStudioVersion = 16.0.31729.503
MinimumVisualStudioVersion = 10.0.40219.1
Project("{FAE04EC0-301F-11D3-BF4B-00C04F79EFBC}") = "EG06_ListBox_AplicacionPractica", "EG06_ListBox_AplicacionPractica\EG06_ListBox_AplicacionPractica.csproj", "{53E5831A-4F05-4F14-8C9A-FD6CF3575A88}"
EndProject
Global
	GlobalSection(SolutionConfigurationPlatforms) = preSolution
		Debug|Any CPU = Debug|Any CPU
		Release|Any CPU = Release|Any CPU
	EndGlobalSection
	GlobalSection(ProjectConfigurationPlatforms) = postSolution
		{53E5831A-4F05-4F14-8C9A-FD6CF3575A88}.Debug|Any CPU.ActiveCfg = Debug|Any CPU
		{53E5831A-4F05-4F14-8C9A-FD6CF3575A88}.Debug|Any CPU.Build.0 = Debug|Any CPU
		{53E5831A-4F05-4F14-8C9A-FD6CF3575A88}.Release|Any CPU.ActiveCfg = Release|Any CPU
		{53E5831A-4F05-4F14-8C9A-FD6CF3575A88}.Release|Any CPU.Build.0 = Release|Any CPU
	EndGlobalSection
	GlobalSection(SolutionProperties) = preSolution
		HideSolutionNode = FALSE
	EndGlobalSection
	GlobalSection(ExtensibilityGlobals) = postSolution
		SolutionGuid = {0312D41E-469C-4903-88E0-10BBA2C9312B}
	EndGlobalSection
EndGlobal
