
Microsoft Visual Studio Solution File, Format Version 12.00
# Visual Studio Version 16
VisualStudioVersion = 16.0.31729.503
MinimumVisualStudioVersion = 10.0.40219.1
Project("{FAE04EC0-301F-11D3-BF4B-00C04F79EFBC}") = "EG12_ProgressBar", "EG12_ProgressBar\EG12_ProgressBar.csproj", "{F02EFC51-9AF4-43F9-884B-11C81A9DEF27}"
EndProject
Global
	GlobalSection(SolutionConfigurationPlatforms) = preSolution
		Debug|Any CPU = Debug|Any CPU
		Release|Any CPU = Release|Any CPU
	EndGlobalSection
	GlobalSection(ProjectConfigurationPlatforms) = postSolution
		{F02EFC51-9AF4-43F9-884B-11C81A9DEF27}.Debug|Any CPU.ActiveCfg = Debug|Any CPU
		{F02EFC51-9AF4-43F9-884B-11C81A9DEF27}.Debug|Any CPU.Build.0 = Debug|Any CPU
		{F02EFC51-9AF4-43F9-884B-11C81A9DEF27}.Release|Any CPU.ActiveCfg = Release|Any CPU
		{F02EFC51-9AF4-43F9-884B-11C81A9DEF27}.Release|Any CPU.Build.0 = Release|Any CPU
	EndGlobalSection
	GlobalSection(SolutionProperties) = preSolution
		HideSolutionNode = FALSE
	EndGlobalSection
	GlobalSection(ExtensibilityGlobals) = postSolution
		SolutionGuid = {6CD4A358-AA9F-49A5-9484-CA8E69D84A82}
	EndGlobalSection
EndGlobal
