
Microsoft Visual Studio Solution File, Format Version 12.00
# Visual Studio Version 16
VisualStudioVersion = 16.0.31729.503
MinimumVisualStudioVersion = 10.0.40219.1
Project("{FAE04EC0-301F-11D3-BF4B-00C04F79EFBC}") = "56_DelStructAlClass_EvolucionNatural", "56_DelStructAlClass_EvolucionNatural\56_DelStructAlClass_EvolucionNatural.csproj", "{FE79EDB6-11DC-4717-A3A1-59329BB8B9B5}"
EndProject
Global
	GlobalSection(SolutionConfigurationPlatforms) = preSolution
		Debug|Any CPU = Debug|Any CPU
		Release|Any CPU = Release|Any CPU
	EndGlobalSection
	GlobalSection(ProjectConfigurationPlatforms) = postSolution
		{FE79EDB6-11DC-4717-A3A1-59329BB8B9B5}.Debug|Any CPU.ActiveCfg = Debug|Any CPU
		{FE79EDB6-11DC-4717-A3A1-59329BB8B9B5}.Debug|Any CPU.Build.0 = Debug|Any CPU
		{FE79EDB6-11DC-4717-A3A1-59329BB8B9B5}.Release|Any CPU.ActiveCfg = Release|Any CPU
		{FE79EDB6-11DC-4717-A3A1-59329BB8B9B5}.Release|Any CPU.Build.0 = Release|Any CPU
	EndGlobalSection
	GlobalSection(SolutionProperties) = preSolution
		HideSolutionNode = FALSE
	EndGlobalSection
	GlobalSection(ExtensibilityGlobals) = postSolution
		SolutionGuid = {2A8597C8-B594-43D3-B087-4E02862D5639}
	EndGlobalSection
EndGlobal
