
Microsoft Visual Studio Solution File, Format Version 12.00
# Visual Studio Version 16
VisualStudioVersion = 16.0.31729.503
MinimumVisualStudioVersion = 10.0.40219.1
Project("{FAE04EC0-301F-11D3-BF4B-00C04F79EFBC}") = "10_LimitarEntradaConReadKey", "10_LimitarEntradaConReadKey\10_LimitarEntradaConReadKey.csproj", "{CC89901C-E415-4B5A-A0E0-D827C03409F9}"
EndProject
Global
	GlobalSection(SolutionConfigurationPlatforms) = preSolution
		Debug|Any CPU = Debug|Any CPU
		Release|Any CPU = Release|Any CPU
	EndGlobalSection
	GlobalSection(ProjectConfigurationPlatforms) = postSolution
		{CC89901C-E415-4B5A-A0E0-D827C03409F9}.Debug|Any CPU.ActiveCfg = Debug|Any CPU
		{CC89901C-E415-4B5A-A0E0-D827C03409F9}.Debug|Any CPU.Build.0 = Debug|Any CPU
		{CC89901C-E415-4B5A-A0E0-D827C03409F9}.Release|Any CPU.ActiveCfg = Release|Any CPU
		{CC89901C-E415-4B5A-A0E0-D827C03409F9}.Release|Any CPU.Build.0 = Release|Any CPU
	EndGlobalSection
	GlobalSection(SolutionProperties) = preSolution
		HideSolutionNode = FALSE
	EndGlobalSection
	GlobalSection(ExtensibilityGlobals) = postSolution
		SolutionGuid = {236EF090-29E9-4D36-A985-75C7BF068148}
	EndGlobalSection
EndGlobal
