
Microsoft Visual Studio Solution File, Format Version 12.00
# Visual Studio Version 16
VisualStudioVersion = 16.0.31729.503
MinimumVisualStudioVersion = 10.0.40219.1
Project("{FAE04EC0-301F-11D3-BF4B-00C04F79EFBC}") = "20_RoturasBucles", "20_RoturasBucles\20_RoturasBucles.csproj", "{62202260-76B2-4225-BE13-059D36241B2D}"
EndProject
Global
	GlobalSection(SolutionConfigurationPlatforms) = preSolution
		Debug|Any CPU = Debug|Any CPU
		Release|Any CPU = Release|Any CPU
	EndGlobalSection
	GlobalSection(ProjectConfigurationPlatforms) = postSolution
		{62202260-76B2-4225-BE13-059D36241B2D}.Debug|Any CPU.ActiveCfg = Debug|Any CPU
		{62202260-76B2-4225-BE13-059D36241B2D}.Debug|Any CPU.Build.0 = Debug|Any CPU
		{62202260-76B2-4225-BE13-059D36241B2D}.Release|Any CPU.ActiveCfg = Release|Any CPU
		{62202260-76B2-4225-BE13-059D36241B2D}.Release|Any CPU.Build.0 = Release|Any CPU
	EndGlobalSection
	GlobalSection(SolutionProperties) = preSolution
		HideSolutionNode = FALSE
	EndGlobalSection
	GlobalSection(ExtensibilityGlobals) = postSolution
		SolutionGuid = {77BCAD84-DD3A-4D24-817C-A3A2BFFDCA26}
	EndGlobalSection
EndGlobal
