
Microsoft Visual Studio Solution File, Format Version 12.00
# Visual Studio Version 16
VisualStudioVersion = 16.0.31729.503
MinimumVisualStudioVersion = 10.0.40219.1
Project("{FAE04EC0-301F-11D3-BF4B-00C04F79EFBC}") = "50_RecorrerArrayPorColumnas", "50_RecorrerArrayPorColumnas\50_RecorrerArrayPorColumnas.csproj", "{90390C5B-607F-4536-BB1B-819D7C4AA4CD}"
EndProject
Global
	GlobalSection(SolutionConfigurationPlatforms) = preSolution
		Debug|Any CPU = Debug|Any CPU
		Release|Any CPU = Release|Any CPU
	EndGlobalSection
	GlobalSection(ProjectConfigurationPlatforms) = postSolution
		{90390C5B-607F-4536-BB1B-819D7C4AA4CD}.Debug|Any CPU.ActiveCfg = Debug|Any CPU
		{90390C5B-607F-4536-BB1B-819D7C4AA4CD}.Debug|Any CPU.Build.0 = Debug|Any CPU
		{90390C5B-607F-4536-BB1B-819D7C4AA4CD}.Release|Any CPU.ActiveCfg = Release|Any CPU
		{90390C5B-607F-4536-BB1B-819D7C4AA4CD}.Release|Any CPU.Build.0 = Release|Any CPU
	EndGlobalSection
	GlobalSection(SolutionProperties) = preSolution
		HideSolutionNode = FALSE
	EndGlobalSection
	GlobalSection(ExtensibilityGlobals) = postSolution
		SolutionGuid = {C7E72154-1015-41FC-B5C4-4D8A195885A6}
	EndGlobalSection
EndGlobal
