
Microsoft Visual Studio Solution File, Format Version 12.00
# Visual Studio Version 16
VisualStudioVersion = 16.0.31729.503
MinimumVisualStudioVersion = 10.0.40219.1
Project("{FAE04EC0-301F-11D3-BF4B-00C04F79EFBC}") = "EG18_EstoNoEsUNGrafico_DLL_DNI", "EG18_EstoNoEsUNGrafico_DLL_DNI\EG18_EstoNoEsUNGrafico_DLL_DNI.csproj", "{E13FA7BD-7B7D-44E2-80C5-37EA56A29DE4}"
EndProject
Global
	GlobalSection(SolutionConfigurationPlatforms) = preSolution
		Debug|Any CPU = Debug|Any CPU
		Release|Any CPU = Release|Any CPU
	EndGlobalSection
	GlobalSection(ProjectConfigurationPlatforms) = postSolution
		{E13FA7BD-7B7D-44E2-80C5-37EA56A29DE4}.Debug|Any CPU.ActiveCfg = Debug|Any CPU
		{E13FA7BD-7B7D-44E2-80C5-37EA56A29DE4}.Debug|Any CPU.Build.0 = Debug|Any CPU
		{E13FA7BD-7B7D-44E2-80C5-37EA56A29DE4}.Release|Any CPU.ActiveCfg = Release|Any CPU
		{E13FA7BD-7B7D-44E2-80C5-37EA56A29DE4}.Release|Any CPU.Build.0 = Release|Any CPU
	EndGlobalSection
	GlobalSection(SolutionProperties) = preSolution
		HideSolutionNode = FALSE
	EndGlobalSection
	GlobalSection(ExtensibilityGlobals) = postSolution
		SolutionGuid = {EA726867-CC57-4FE7-AB55-277F7BCA9A7A}
	EndGlobalSection
EndGlobal
