
Microsoft Visual Studio Solution File, Format Version 12.00
# Visual Studio Version 16
VisualStudioVersion = 16.0.31729.503
MinimumVisualStudioVersion = 10.0.40219.1
Project("{FAE04EC0-301F-11D3-BF4B-00C04F79EFBC}") = "17_Arrays", "17_Arrays\17_Arrays.csproj", "{72FE5C10-14C5-4C37-8CEA-EE9B52B5EDDA}"
EndProject
Global
	GlobalSection(SolutionConfigurationPlatforms) = preSolution
		Debug|Any CPU = Debug|Any CPU
		Release|Any CPU = Release|Any CPU
	EndGlobalSection
	GlobalSection(ProjectConfigurationPlatforms) = postSolution
		{72FE5C10-14C5-4C37-8CEA-EE9B52B5EDDA}.Debug|Any CPU.ActiveCfg = Debug|Any CPU
		{72FE5C10-14C5-4C37-8CEA-EE9B52B5EDDA}.Debug|Any CPU.Build.0 = Debug|Any CPU
		{72FE5C10-14C5-4C37-8CEA-EE9B52B5EDDA}.Release|Any CPU.ActiveCfg = Release|Any CPU
		{72FE5C10-14C5-4C37-8CEA-EE9B52B5EDDA}.Release|Any CPU.Build.0 = Release|Any CPU
	EndGlobalSection
	GlobalSection(SolutionProperties) = preSolution
		HideSolutionNode = FALSE
	EndGlobalSection
	GlobalSection(ExtensibilityGlobals) = postSolution
		SolutionGuid = {06837BA5-38DD-4DCB-83AA-2BC3A0A7880B}
	EndGlobalSection
EndGlobal
