
Microsoft Visual Studio Solution File, Format Version 12.00
# Visual Studio Version 16
VisualStudioVersion = 16.0.31729.503
MinimumVisualStudioVersion = 10.0.40219.1
Project("{FAE04EC0-301F-11D3-BF4B-00C04F79EFBC}") = "01_HolaMundo", "01_HolaMundo\01_HolaMundo.csproj", "{F9FE6FCD-C5DB-424C-9DE5-4E38D82F0480}"
EndProject
Global
	GlobalSection(SolutionConfigurationPlatforms) = preSolution
		Debug|Any CPU = Debug|Any CPU
		Release|Any CPU = Release|Any CPU
	EndGlobalSection
	GlobalSection(ProjectConfigurationPlatforms) = postSolution
		{F9FE6FCD-C5DB-424C-9DE5-4E38D82F0480}.Debug|Any CPU.ActiveCfg = Debug|Any CPU
		{F9FE6FCD-C5DB-424C-9DE5-4E38D82F0480}.Debug|Any CPU.Build.0 = Debug|Any CPU
		{F9FE6FCD-C5DB-424C-9DE5-4E38D82F0480}.Release|Any CPU.ActiveCfg = Release|Any CPU
		{F9FE6FCD-C5DB-424C-9DE5-4E38D82F0480}.Release|Any CPU.Build.0 = Release|Any CPU
	EndGlobalSection
	GlobalSection(SolutionProperties) = preSolution
		HideSolutionNode = FALSE
	EndGlobalSection
	GlobalSection(ExtensibilityGlobals) = postSolution
		SolutionGuid = {7FE422C8-23B0-48CF-BCB3-ABD6452F5C73}
	EndGlobalSection
EndGlobal
