
Microsoft Visual Studio Solution File, Format Version 12.00
# Visual Studio Version 16
VisualStudioVersion = 16.0.31729.503
MinimumVisualStudioVersion = 10.0.40219.1
Project("{FAE04EC0-301F-11D3-BF4B-00C04F79EFBC}") = "EG21_ADO_Access_Login", "EG21_ADO_Access_Login\EG21_ADO_Access_Login.csproj", "{9FD33F81-81EF-4412-A778-1DD8037B6718}"
EndProject
Global
	GlobalSection(SolutionConfigurationPlatforms) = preSolution
		Debug|Any CPU = Debug|Any CPU
		Release|Any CPU = Release|Any CPU
	EndGlobalSection
	GlobalSection(ProjectConfigurationPlatforms) = postSolution
		{9FD33F81-81EF-4412-A778-1DD8037B6718}.Debug|Any CPU.ActiveCfg = Debug|Any CPU
		{9FD33F81-81EF-4412-A778-1DD8037B6718}.Debug|Any CPU.Build.0 = Debug|Any CPU
		{9FD33F81-81EF-4412-A778-1DD8037B6718}.Release|Any CPU.ActiveCfg = Release|Any CPU
		{9FD33F81-81EF-4412-A778-1DD8037B6718}.Release|Any CPU.Build.0 = Release|Any CPU
	EndGlobalSection
	GlobalSection(SolutionProperties) = preSolution
		HideSolutionNode = FALSE
	EndGlobalSection
	GlobalSection(ExtensibilityGlobals) = postSolution
		SolutionGuid = {3B322C72-E6D4-4BE5-93DB-2EC6E4DBC559}
	EndGlobalSection
EndGlobal
