
Microsoft Visual Studio Solution File, Format Version 12.00
# Visual Studio Version 16
VisualStudioVersion = 16.0.31729.503
MinimumVisualStudioVersion = 10.0.40219.1
Project("{FAE04EC0-301F-11D3-BF4B-00C04F79EFBC}") = "M3_19_PasoPorReferenciayPorValor", "M3_19_PasoPorReferenciayPorValor\M3_19_PasoPorReferenciayPorValor.csproj", "{6AABDAA4-9868-40CC-B5AB-882B4CC6942D}"
EndProject
Global
	GlobalSection(SolutionConfigurationPlatforms) = preSolution
		Debug|Any CPU = Debug|Any CPU
		Release|Any CPU = Release|Any CPU
	EndGlobalSection
	GlobalSection(ProjectConfigurationPlatforms) = postSolution
		{6AABDAA4-9868-40CC-B5AB-882B4CC6942D}.Debug|Any CPU.ActiveCfg = Debug|Any CPU
		{6AABDAA4-9868-40CC-B5AB-882B4CC6942D}.Debug|Any CPU.Build.0 = Debug|Any CPU
		{6AABDAA4-9868-40CC-B5AB-882B4CC6942D}.Release|Any CPU.ActiveCfg = Release|Any CPU
		{6AABDAA4-9868-40CC-B5AB-882B4CC6942D}.Release|Any CPU.Build.0 = Release|Any CPU
	EndGlobalSection
	GlobalSection(SolutionProperties) = preSolution
		HideSolutionNode = FALSE
	EndGlobalSection
	GlobalSection(ExtensibilityGlobals) = postSolution
		SolutionGuid = {B3B4EA35-4932-4B25-B5AF-3C9FCF01C2C6}
	EndGlobalSection
EndGlobal
