
Microsoft Visual Studio Solution File, Format Version 12.00
# Visual Studio Version 16
VisualStudioVersion = 16.0.31729.503
MinimumVisualStudioVersion = 10.0.40219.1
Project("{FAE04EC0-301F-11D3-BF4B-00C04F79EFBC}") = "M3_07_InformaticosRiquinhos_POO", "M3_07_InformaticosRiquinhos_POO\M3_07_InformaticosRiquinhos_POO.csproj", "{378955BB-C41F-4510-B3D9-8F11573194CE}"
EndProject
Global
	GlobalSection(SolutionConfigurationPlatforms) = preSolution
		Debug|Any CPU = Debug|Any CPU
		Release|Any CPU = Release|Any CPU
	EndGlobalSection
	GlobalSection(ProjectConfigurationPlatforms) = postSolution
		{378955BB-C41F-4510-B3D9-8F11573194CE}.Debug|Any CPU.ActiveCfg = Debug|Any CPU
		{378955BB-C41F-4510-B3D9-8F11573194CE}.Debug|Any CPU.Build.0 = Debug|Any CPU
		{378955BB-C41F-4510-B3D9-8F11573194CE}.Release|Any CPU.ActiveCfg = Release|Any CPU
		{378955BB-C41F-4510-B3D9-8F11573194CE}.Release|Any CPU.Build.0 = Release|Any CPU
	EndGlobalSection
	GlobalSection(SolutionProperties) = preSolution
		HideSolutionNode = FALSE
	EndGlobalSection
	GlobalSection(ExtensibilityGlobals) = postSolution
		SolutionGuid = {404FEDD5-0355-49FC-B7F8-84ED58C19796}
	EndGlobalSection
EndGlobal
