
Microsoft Visual Studio Solution File, Format Version 12.00
# Visual Studio Version 16
VisualStudioVersion = 16.0.31729.503
MinimumVisualStudioVersion = 10.0.40219.1
Project("{FAE04EC0-301F-11D3-BF4B-00C04F79EFBC}") = "M3_U2_28_PequenhoDetalleCodigo", "M3_U2_28_PequenhoDetalleCodigo\M3_U2_28_PequenhoDetalleCodigo.csproj", "{67CAD1C7-43A0-4616-B92E-E35F3B46986A}"
EndProject
Global
	GlobalSection(SolutionConfigurationPlatforms) = preSolution
		Debug|Any CPU = Debug|Any CPU
		Release|Any CPU = Release|Any CPU
	EndGlobalSection
	GlobalSection(ProjectConfigurationPlatforms) = postSolution
		{67CAD1C7-43A0-4616-B92E-E35F3B46986A}.Debug|Any CPU.ActiveCfg = Debug|Any CPU
		{67CAD1C7-43A0-4616-B92E-E35F3B46986A}.Debug|Any CPU.Build.0 = Debug|Any CPU
		{67CAD1C7-43A0-4616-B92E-E35F3B46986A}.Release|Any CPU.ActiveCfg = Release|Any CPU
		{67CAD1C7-43A0-4616-B92E-E35F3B46986A}.Release|Any CPU.Build.0 = Release|Any CPU
	EndGlobalSection
	GlobalSection(SolutionProperties) = preSolution
		HideSolutionNode = FALSE
	EndGlobalSection
	GlobalSection(ExtensibilityGlobals) = postSolution
		SolutionGuid = {6D6020FC-620C-47A2-9569-01F77E9E7AA5}
	EndGlobalSection
EndGlobal
