
Microsoft Visual Studio Solution File, Format Version 12.00
# Visual Studio Version 16
VisualStudioVersion = 16.0.31729.503
MinimumVisualStudioVersion = 10.0.40219.1
Project("{FAE04EC0-301F-11D3-BF4B-00C04F79EFBC}") = "37_FuncionesYProcedimientos", "37_FuncionesYProcedimientos\37_FuncionesYProcedimientos.csproj", "{8CC9B18D-D37F-4E78-BBE7-AF4BB085DD36}"
EndProject
Global
	GlobalSection(SolutionConfigurationPlatforms) = preSolution
		Debug|Any CPU = Debug|Any CPU
		Release|Any CPU = Release|Any CPU
	EndGlobalSection
	GlobalSection(ProjectConfigurationPlatforms) = postSolution
		{8CC9B18D-D37F-4E78-BBE7-AF4BB085DD36}.Debug|Any CPU.ActiveCfg = Debug|Any CPU
		{8CC9B18D-D37F-4E78-BBE7-AF4BB085DD36}.Debug|Any CPU.Build.0 = Debug|Any CPU
		{8CC9B18D-D37F-4E78-BBE7-AF4BB085DD36}.Release|Any CPU.ActiveCfg = Release|Any CPU
		{8CC9B18D-D37F-4E78-BBE7-AF4BB085DD36}.Release|Any CPU.Build.0 = Release|Any CPU
	EndGlobalSection
	GlobalSection(SolutionProperties) = preSolution
		HideSolutionNode = FALSE
	EndGlobalSection
	GlobalSection(ExtensibilityGlobals) = postSolution
		SolutionGuid = {8FF7EE09-7FF0-49F0-BF98-C8454478D575}
	EndGlobalSection
EndGlobal
