
Microsoft Visual Studio Solution File, Format Version 12.00
# Visual Studio Version 16
VisualStudioVersion = 16.0.31729.503
MinimumVisualStudioVersion = 10.0.40219.1
Project("{FAE04EC0-301F-11D3-BF4B-00C04F79EFBC}") = "M3_U2_25_ControlHorarioEvento", "M3_U2_25_ControlHorarioEvento\M3_U2_25_ControlHorarioEvento.csproj", "{19B9F202-9822-43FE-BFF7-052A87E8EDB1}"
EndProject
Global
	GlobalSection(SolutionConfigurationPlatforms) = preSolution
		Debug|Any CPU = Debug|Any CPU
		Release|Any CPU = Release|Any CPU
	EndGlobalSection
	GlobalSection(ProjectConfigurationPlatforms) = postSolution
		{19B9F202-9822-43FE-BFF7-052A87E8EDB1}.Debug|Any CPU.ActiveCfg = Debug|Any CPU
		{19B9F202-9822-43FE-BFF7-052A87E8EDB1}.Debug|Any CPU.Build.0 = Debug|Any CPU
		{19B9F202-9822-43FE-BFF7-052A87E8EDB1}.Release|Any CPU.ActiveCfg = Release|Any CPU
		{19B9F202-9822-43FE-BFF7-052A87E8EDB1}.Release|Any CPU.Build.0 = Release|Any CPU
	EndGlobalSection
	GlobalSection(SolutionProperties) = preSolution
		HideSolutionNode = FALSE
	EndGlobalSection
	GlobalSection(ExtensibilityGlobals) = postSolution
		SolutionGuid = {26DAED80-4666-4AF2-BC41-6D4E676DB4CD}
	EndGlobalSection
EndGlobal
