
Microsoft Visual Studio Solution File, Format Version 12.00
# Visual Studio Version 16
VisualStudioVersion = 16.0.31729.503
MinimumVisualStudioVersion = 10.0.40219.1
Project("{FAE04EC0-301F-11D3-BF4B-00C04F79EFBC}") = "M3_U2_02_EditorTextoSencillo", "M3_U2_02_EditorTextoSencillo\M3_U2_02_EditorTextoSencillo.csproj", "{498C5CFA-B35A-4EBC-8875-7367A5E36F25}"
EndProject
Global
	GlobalSection(SolutionConfigurationPlatforms) = preSolution
		Debug|Any CPU = Debug|Any CPU
		Release|Any CPU = Release|Any CPU
	EndGlobalSection
	GlobalSection(ProjectConfigurationPlatforms) = postSolution
		{498C5CFA-B35A-4EBC-8875-7367A5E36F25}.Debug|Any CPU.ActiveCfg = Debug|Any CPU
		{498C5CFA-B35A-4EBC-8875-7367A5E36F25}.Debug|Any CPU.Build.0 = Debug|Any CPU
		{498C5CFA-B35A-4EBC-8875-7367A5E36F25}.Release|Any CPU.ActiveCfg = Release|Any CPU
		{498C5CFA-B35A-4EBC-8875-7367A5E36F25}.Release|Any CPU.Build.0 = Release|Any CPU
	EndGlobalSection
	GlobalSection(SolutionProperties) = preSolution
		HideSolutionNode = FALSE
	EndGlobalSection
	GlobalSection(ExtensibilityGlobals) = postSolution
		SolutionGuid = {86106F76-643B-4AD9-8283-3FE68B5FA587}
	EndGlobalSection
EndGlobal
