
Microsoft Visual Studio Solution File, Format Version 12.00
# Visual Studio Version 16
VisualStudioVersion = 16.0.31729.503
MinimumVisualStudioVersion = 10.0.40219.1
Project("{FAE04EC0-301F-11D3-BF4B-00C04F79EFBC}") = "59_POO_AlcanceHerencia", "59_POO_AlcanceHerencia\59_POO_AlcanceHerencia.csproj", "{61CA5FA0-DBAD-4867-9B69-AACDEE43BF6E}"
EndProject
Global
	GlobalSection(SolutionConfigurationPlatforms) = preSolution
		Debug|Any CPU = Debug|Any CPU
		Release|Any CPU = Release|Any CPU
	EndGlobalSection
	GlobalSection(ProjectConfigurationPlatforms) = postSolution
		{61CA5FA0-DBAD-4867-9B69-AACDEE43BF6E}.Debug|Any CPU.ActiveCfg = Debug|Any CPU
		{61CA5FA0-DBAD-4867-9B69-AACDEE43BF6E}.Debug|Any CPU.Build.0 = Debug|Any CPU
		{61CA5FA0-DBAD-4867-9B69-AACDEE43BF6E}.Release|Any CPU.ActiveCfg = Release|Any CPU
		{61CA5FA0-DBAD-4867-9B69-AACDEE43BF6E}.Release|Any CPU.Build.0 = Release|Any CPU
	EndGlobalSection
	GlobalSection(SolutionProperties) = preSolution
		HideSolutionNode = FALSE
	EndGlobalSection
	GlobalSection(ExtensibilityGlobals) = postSolution
		SolutionGuid = {ACA5C199-0BE7-446F-94D6-C627FE2258A8}
	EndGlobalSection
EndGlobal
