
Microsoft Visual Studio Solution File, Format Version 12.00
# Visual Studio Version 16
VisualStudioVersion = 16.0.31729.503
MinimumVisualStudioVersion = 10.0.40219.1
Project("{FAE04EC0-301F-11D3-BF4B-00C04F79EFBC}") = "M3_U2_22_AplicacionPeluqueria", "M3_U2_22_AplicacionPeluqueria\M3_U2_22_AplicacionPeluqueria.csproj", "{6438605A-D30E-4159-A24B-6339E232B121}"
EndProject
Global
	GlobalSection(SolutionConfigurationPlatforms) = preSolution
		Debug|Any CPU = Debug|Any CPU
		Release|Any CPU = Release|Any CPU
	EndGlobalSection
	GlobalSection(ProjectConfigurationPlatforms) = postSolution
		{6438605A-D30E-4159-A24B-6339E232B121}.Debug|Any CPU.ActiveCfg = Debug|Any CPU
		{6438605A-D30E-4159-A24B-6339E232B121}.Debug|Any CPU.Build.0 = Debug|Any CPU
		{6438605A-D30E-4159-A24B-6339E232B121}.Release|Any CPU.ActiveCfg = Release|Any CPU
		{6438605A-D30E-4159-A24B-6339E232B121}.Release|Any CPU.Build.0 = Release|Any CPU
	EndGlobalSection
	GlobalSection(SolutionProperties) = preSolution
		HideSolutionNode = FALSE
	EndGlobalSection
	GlobalSection(ExtensibilityGlobals) = postSolution
		SolutionGuid = {EBCA8EEA-3813-47EC-9B80-F651BC9D104A}
	EndGlobalSection
EndGlobal
